
Microsoft Visual Studio Solution File, Format Version 12.00
# Visual Studio Version 17
VisualStudioVersion = 17.10.35004.147
MinimumVisualStudioVersion = 10.0.40219.1
Project("{FAE04EC0-301F-11D3-BF4B-00C04F79EFBC}") = "ShitpepeRebirth", "ShitpepeRebirth.csproj", "{09036C2E-E9A2-47A5-96F3-A0D16F1C218C}"
EndProject
Global
	GlobalSection(SolutionConfigurationPlatforms) = preSolution
		Debug|Any CPU = Debug|Any CPU
		Release|Any CPU = Release|Any CPU
	EndGlobalSection
	GlobalSection(ProjectConfigurationPlatforms) = postSolution
		{09036C2E-E9A2-47A5-96F3-A0D16F1C218C}.Debug|Any CPU.ActiveCfg = Debug|Any CPU
		{09036C2E-E9A2-47A5-96F3-A0D16F1C218C}.Debug|Any CPU.Build.0 = Debug|Any CPU
		{09036C2E-E9A2-47A5-96F3-A0D16F1C218C}.Release|Any CPU.ActiveCfg = Release|Any CPU
		{09036C2E-E9A2-47A5-96F3-A0D16F1C218C}.Release|Any CPU.Build.0 = Release|Any CPU
	EndGlobalSection
	GlobalSection(SolutionProperties) = preSolution
		HideSolutionNode = FALSE
	EndGlobalSection
	GlobalSection(ExtensibilityGlobals) = postSolution
		SolutionGuid = {AFA23E24-1EAA-465B-B190-686DA702FAD1}
	EndGlobalSection
EndGlobal
